
Microsoft Visual Studio Solution File, Format Version 12.00
# Visual Studio 15
VisualStudioVersion = 15.0.28307.645
MinimumVisualStudioVersion = 10.0.40219.1
Project("{FAE04EC0-301F-11D3-BF4B-00C04F79EFBC}") = "SimpleInfra.Validation", "SimpleInfra.Validation\SimpleInfra.Validation.csproj", "{5A241DBF-7BD1-4C25-89EF-57512BFE259A}"
EndProject
Project("{FAE04EC0-301F-11D3-BF4B-00C04F79EFBC}") = "Validation.ConsoleApp", "Validation.ConsoleApp\Validation.ConsoleApp.csproj", "{F978E210-1F28-41F9-944A-27A2B4A05D4C}"
EndProject
Global
	GlobalSection(SolutionConfigurationPlatforms) = preSolution
		Debug|Any CPU = Debug|Any CPU
		Release|Any CPU = Release|Any CPU
	EndGlobalSection
	GlobalSection(ProjectConfigurationPlatforms) = postSolution
		{5A241DBF-7BD1-4C25-89EF-57512BFE259A}.Debug|Any CPU.ActiveCfg = Debug|Any CPU
		{5A241DBF-7BD1-4C25-89EF-57512BFE259A}.Debug|Any CPU.Build.0 = Debug|Any CPU
		{5A241DBF-7BD1-4C25-89EF-57512BFE259A}.Release|Any CPU.ActiveCfg = Release|Any CPU
		{5A241DBF-7BD1-4C25-89EF-57512BFE259A}.Release|Any CPU.Build.0 = Release|Any CPU
		{F978E210-1F28-41F9-944A-27A2B4A05D4C}.Debug|Any CPU.ActiveCfg = Debug|Any CPU
		{F978E210-1F28-41F9-944A-27A2B4A05D4C}.Debug|Any CPU.Build.0 = Debug|Any CPU
		{F978E210-1F28-41F9-944A-27A2B4A05D4C}.Release|Any CPU.ActiveCfg = Release|Any CPU
		{F978E210-1F28-41F9-944A-27A2B4A05D4C}.Release|Any CPU.Build.0 = Release|Any CPU
	EndGlobalSection
	GlobalSection(SolutionProperties) = preSolution
		HideSolutionNode = FALSE
	EndGlobalSection
	GlobalSection(ExtensibilityGlobals) = postSolution
		SolutionGuid = {BA42C1E5-87E8-4F05-AB9B-7D3C61F70537}
	EndGlobalSection
EndGlobal
